
Microsoft Visual Studio Solution File, Format Version 12.00
# Visual Studio 2012
Project("{FAE04EC0-301F-11D3-BF4B-00C04F79EFBC}") = "ConsoleApplication1", "ConsoleApplication1.csproj", "{F2BBCD9A-5EAA-43EC-9256-774EEB5AC1C6}"
EndProject
Global
	GlobalSection(SolutionConfigurationPlatforms) = preSolution
		Debug|Any CPU = Debug|Any CPU
		Release|Any CPU = Release|Any CPU
	EndGlobalSection
	GlobalSection(ProjectConfigurationPlatforms) = postSolution
		{F2BBCD9A-5EAA-43EC-9256-774EEB5AC1C6}.Debug|Any CPU.ActiveCfg = Debug|Any CPU
		{F2BBCD9A-5EAA-43EC-9256-774EEB5AC1C6}.Debug|Any CPU.Build.0 = Debug|Any CPU
		{F2BBCD9A-5EAA-43EC-9256-774EEB5AC1C6}.Release|Any CPU.ActiveCfg = Release|Any CPU
		{F2BBCD9A-5EAA-43EC-9256-774EEB5AC1C6}.Release|Any CPU.Build.0 = Release|Any CPU
	EndGlobalSection
	GlobalSection(SolutionProperties) = preSolution
		HideSolutionNode = FALSE
	EndGlobalSection
EndGlobal
